
Microsoft Visual Studio Solution File, Format Version 12.00
# Visual Studio 15
VisualStudioVersion = 15.0.27428.2005
MinimumVisualStudioVersion = 10.0.40219.1
Project("{FAE04EC0-301F-11D3-BF4B-00C04F79EFBC}") = "Algorithms", "Algorithms\Algorithms.csproj", "{72D9071E-4B20-4D23-B6A8-C9A04DD7FC1E}"
EndProject
Project("{FAE04EC0-301F-11D3-BF4B-00C04F79EFBC}") = "Sortings", "Sortings\Sortings.csproj", "{8151B9E7-C076-4A41-BF69-BAC1A92C6034}"
EndProject
Global
	GlobalSection(SolutionConfigurationPlatforms) = preSolution
		Debug|Any CPU = Debug|Any CPU
		Release|Any CPU = Release|Any CPU
	EndGlobalSection
	GlobalSection(ProjectConfigurationPlatforms) = postSolution
		{72D9071E-4B20-4D23-B6A8-C9A04DD7FC1E}.Debug|Any CPU.ActiveCfg = Debug|Any CPU
		{72D9071E-4B20-4D23-B6A8-C9A04DD7FC1E}.Debug|Any CPU.Build.0 = Debug|Any CPU
		{72D9071E-4B20-4D23-B6A8-C9A04DD7FC1E}.Release|Any CPU.ActiveCfg = Release|Any CPU
		{72D9071E-4B20-4D23-B6A8-C9A04DD7FC1E}.Release|Any CPU.Build.0 = Release|Any CPU
		{8151B9E7-C076-4A41-BF69-BAC1A92C6034}.Debug|Any CPU.ActiveCfg = Debug|Any CPU
		{8151B9E7-C076-4A41-BF69-BAC1A92C6034}.Debug|Any CPU.Build.0 = Debug|Any CPU
		{8151B9E7-C076-4A41-BF69-BAC1A92C6034}.Release|Any CPU.ActiveCfg = Release|Any CPU
		{8151B9E7-C076-4A41-BF69-BAC1A92C6034}.Release|Any CPU.Build.0 = Release|Any CPU
	EndGlobalSection
	GlobalSection(SolutionProperties) = preSolution
		HideSolutionNode = FALSE
	EndGlobalSection
	GlobalSection(ExtensibilityGlobals) = postSolution
		SolutionGuid = {6A1D7D05-89A1-4851-A940-B9044C81248D}
	EndGlobalSection
EndGlobal
